
Microsoft Visual Studio Solution File, Format Version 11.00
# Visual C++ Express 2010
Project("{8BC9CEB8-8B4A-11D0-8D11-00A0C91BC942}") = "RelaxationHw2", "RelaxationHw2\RelaxationHw2.vcxproj", "{1061F8F6-DFE1-41FA-8F07-3BF82A140E3F}"
EndProject
Global
	GlobalSection(SolutionConfigurationPlatforms) = preSolution
		Debug|Win32 = Debug|Win32
		Release|Win32 = Release|Win32
	EndGlobalSection
	GlobalSection(ProjectConfigurationPlatforms) = postSolution
		{1061F8F6-DFE1-41FA-8F07-3BF82A140E3F}.Debug|Win32.ActiveCfg = Debug|Win32
		{1061F8F6-DFE1-41FA-8F07-3BF82A140E3F}.Debug|Win32.Build.0 = Debug|Win32
		{1061F8F6-DFE1-41FA-8F07-3BF82A140E3F}.Release|Win32.ActiveCfg = Release|Win32
		{1061F8F6-DFE1-41FA-8F07-3BF82A140E3F}.Release|Win32.Build.0 = Release|Win32
	EndGlobalSection
	GlobalSection(SolutionProperties) = preSolution
		HideSolutionNode = FALSE
	EndGlobalSection
EndGlobal
